
Microsoft Visual Studio Solution File, Format Version 12.00
# Visual Studio Version 17
VisualStudioVersion = 17.9.34622.214
MinimumVisualStudioVersion = 10.0.40219.1
Project("{FAE04EC0-301F-11D3-BF4B-00C04F79EFBC}") = "CrystalReportWebAppFW480", "CrystalReportWebAppFW480.csproj", "{147C7F14-8F9E-40FF-BC13-91C43DADB331}"
EndProject
Global
	GlobalSection(SolutionConfigurationPlatforms) = preSolution
		Debug|Any CPU = Debug|Any CPU
		Release|Any CPU = Release|Any CPU
	EndGlobalSection
	GlobalSection(ProjectConfigurationPlatforms) = postSolution
		{147C7F14-8F9E-40FF-BC13-91C43DADB331}.Debug|Any CPU.ActiveCfg = Debug|Any CPU
		{147C7F14-8F9E-40FF-BC13-91C43DADB331}.Debug|Any CPU.Build.0 = Debug|Any CPU
		{147C7F14-8F9E-40FF-BC13-91C43DADB331}.Release|Any CPU.ActiveCfg = Release|Any CPU
		{147C7F14-8F9E-40FF-BC13-91C43DADB331}.Release|Any CPU.Build.0 = Release|Any CPU
	EndGlobalSection
	GlobalSection(SolutionProperties) = preSolution
		HideSolutionNode = FALSE
	EndGlobalSection
	GlobalSection(ExtensibilityGlobals) = postSolution
		SolutionGuid = {A6C63CF2-C373-4810-A1DE-4AD22B0510B9}
	EndGlobalSection
EndGlobal
