Microsoft Visual Studio Solution File, Format Version 7.00
Project("{F184B08F-C81C-45F6-A57F-5ABD9991F28F}") = "vbnet_web_adonet", "http://localhost/CRNETSamples/vbnet_web_adonet/vbnet_web_adonet.vbproj", "{43F4F945-FB44-4603-B2B6-2C12321B8BA7}"
EndProject
Global
	GlobalSection(SolutionConfiguration) = preSolution
		ConfigName.0 = Debug
		ConfigName.1 = Release
	EndGlobalSection
	GlobalSection(ProjectDependencies) = postSolution
	EndGlobalSection
	GlobalSection(ProjectConfiguration) = postSolution
		{43F4F945-FB44-4603-B2B6-2C12321B8BA7}.Debug.ActiveCfg = Debug|.NET
		{43F4F945-FB44-4603-B2B6-2C12321B8BA7}.Debug.Build.0 = Debug|.NET
		{43F4F945-FB44-4603-B2B6-2C12321B8BA7}.Release.ActiveCfg = Release|.NET
		{43F4F945-FB44-4603-B2B6-2C12321B8BA7}.Release.Build.0 = Release|.NET
	EndGlobalSection
	GlobalSection(ExtensibilityGlobals) = postSolution
	EndGlobalSection
	GlobalSection(ExtensibilityAddIns) = postSolution
	EndGlobalSection
EndGlobal
