
Microsoft Visual Studio Solution File, Format Version 12.00
# Visual Studio Version 17
VisualStudioVersion = 17.8.34330.188
MinimumVisualStudioVersion = 10.0.40219.1
Project("{FAE04EC0-301F-11D3-BF4B-00C04F79EFBC}") = "WindowsFormsAppCrystalReport2021", "WindowsFormsAppCrystalReport2021.csproj", "{88112103-96F9-4CB1-9571-E2C6EB6FAC1E}"
EndProject
Global
	GlobalSection(SolutionConfigurationPlatforms) = preSolution
		Debug|Any CPU = Debug|Any CPU
		Release|Any CPU = Release|Any CPU
	EndGlobalSection
	GlobalSection(ProjectConfigurationPlatforms) = postSolution
		{88112103-96F9-4CB1-9571-E2C6EB6FAC1E}.Debug|Any CPU.ActiveCfg = Debug|Any CPU
		{88112103-96F9-4CB1-9571-E2C6EB6FAC1E}.Debug|Any CPU.Build.0 = Debug|Any CPU
		{88112103-96F9-4CB1-9571-E2C6EB6FAC1E}.Release|Any CPU.ActiveCfg = Release|Any CPU
		{88112103-96F9-4CB1-9571-E2C6EB6FAC1E}.Release|Any CPU.Build.0 = Release|Any CPU
	EndGlobalSection
	GlobalSection(SolutionProperties) = preSolution
		HideSolutionNode = FALSE
	EndGlobalSection
	GlobalSection(ExtensibilityGlobals) = postSolution
		SolutionGuid = {57E1017C-56D7-489F-9343-96D94DC18A31}
	EndGlobalSection
EndGlobal
