
Microsoft Visual Studio Solution File, Format Version 12.00
# Visual Studio Version 16
VisualStudioVersion = 16.0.34301.259
MinimumVisualStudioVersion = 10.0.40219.1
Project("{FAE04EC0-301F-11D3-BF4B-00C04F79EFBC}") = "WindowsFormsAppVS2019", "WindowsFormsAppVS2019\WindowsFormsAppVS2019.csproj", "{3A80DD66-D69C-4D69-BEC3-60C8C47691D9}"
EndProject
Global
	GlobalSection(SolutionConfigurationPlatforms) = preSolution
		Debug|Any CPU = Debug|Any CPU
		Release|Any CPU = Release|Any CPU
	EndGlobalSection
	GlobalSection(ProjectConfigurationPlatforms) = postSolution
		{3A80DD66-D69C-4D69-BEC3-60C8C47691D9}.Debug|Any CPU.ActiveCfg = Debug|Any CPU
		{3A80DD66-D69C-4D69-BEC3-60C8C47691D9}.Debug|Any CPU.Build.0 = Debug|Any CPU
		{3A80DD66-D69C-4D69-BEC3-60C8C47691D9}.Release|Any CPU.ActiveCfg = Release|Any CPU
		{3A80DD66-D69C-4D69-BEC3-60C8C47691D9}.Release|Any CPU.Build.0 = Release|Any CPU
	EndGlobalSection
	GlobalSection(SolutionProperties) = preSolution
		HideSolutionNode = FALSE
	EndGlobalSection
	GlobalSection(ExtensibilityGlobals) = postSolution
		SolutionGuid = {DF01FFF5-E9E1-401F-9F3D-5DFF28898688}
	EndGlobalSection
EndGlobal
